
Microsoft Visual Studio Solution File, Format Version 12.00
# Visual Studio Version 17
VisualStudioVersion = 17.9.34723.18
MinimumVisualStudioVersion = 10.0.40219.1
Project("{9A19103F-16F7-4668-BE54-9A1E7A4F7556}") = "SignalRExample", "SingnalRExample\SignalRExample.csproj", "{F77C4CAC-7711-4227-800F-5C60F4CCF9F1}"
EndProject
Global
	GlobalSection(SolutionConfigurationPlatforms) = preSolution
		Debug|Any CPU = Debug|Any CPU
		Release|Any CPU = Release|Any CPU
	EndGlobalSection
	GlobalSection(ProjectConfigurationPlatforms) = postSolution
		{F77C4CAC-7711-4227-800F-5C60F4CCF9F1}.Debug|Any CPU.ActiveCfg = Debug|Any CPU
		{F77C4CAC-7711-4227-800F-5C60F4CCF9F1}.Debug|Any CPU.Build.0 = Debug|Any CPU
		{F77C4CAC-7711-4227-800F-5C60F4CCF9F1}.Release|Any CPU.ActiveCfg = Release|Any CPU
		{F77C4CAC-7711-4227-800F-5C60F4CCF9F1}.Release|Any CPU.Build.0 = Release|Any CPU
	EndGlobalSection
	GlobalSection(SolutionProperties) = preSolution
		HideSolutionNode = FALSE
	EndGlobalSection
	GlobalSection(ExtensibilityGlobals) = postSolution
		SolutionGuid = {34975502-991E-4C6D-A8FB-F9F56AF459E2}
	EndGlobalSection
EndGlobal
